
Microsoft Visual Studio Solution File, Format Version 12.00
# Visual Studio Version 16
VisualStudioVersion = 16.0.31321.278
MinimumVisualStudioVersion = 10.0.40219.1
Project("{FAE04EC0-301F-11D3-BF4B-00C04F79EFBC}") = "WebServer", "WebServer\WebServer.csproj", "{AC541055-26B2-4E7F-B292-EBFD7020A949}"
EndProject
Global
	GlobalSection(SolutionConfigurationPlatforms) = preSolution
		Debug|Any CPU = Debug|Any CPU
		Release|Any CPU = Release|Any CPU
	EndGlobalSection
	GlobalSection(ProjectConfigurationPlatforms) = postSolution
		{AC541055-26B2-4E7F-B292-EBFD7020A949}.Debug|Any CPU.ActiveCfg = Debug|Any CPU
		{AC541055-26B2-4E7F-B292-EBFD7020A949}.Debug|Any CPU.Build.0 = Debug|Any CPU
		{AC541055-26B2-4E7F-B292-EBFD7020A949}.Release|Any CPU.ActiveCfg = Release|Any CPU
		{AC541055-26B2-4E7F-B292-EBFD7020A949}.Release|Any CPU.Build.0 = Release|Any CPU
	EndGlobalSection
	GlobalSection(SolutionProperties) = preSolution
		HideSolutionNode = FALSE
	EndGlobalSection
	GlobalSection(ExtensibilityGlobals) = postSolution
		SolutionGuid = {547513B1-7E9F-49E1-BD75-8ADC0A857FBD}
	EndGlobalSection
EndGlobal
